// !$*UTF8*$!
{
	archiveVersion = 1;
	classes = {
	};
	objectVersion = 55;
	objects = {

/* Begin PBXBuildFile section */
		ECC17AFE27DF962200AFCE37 /* AppDelegate.swift in Sources */ = {isa = PBXBuildFile; fileRef = ECC17AFD27DF962200AFCE37 /* AppDelegate.swift */; };
		ECC17B0027DF962200AFCE37 /* GameViewController.swift in Sources */ = {isa = PBXBuildFile; fileRef = ECC17AFF27DF962200AFCE37 /* GameViewController.swift */; };
		ECC17B0327DF962200AFCE37 /* Main.storyboard in Resources */ = {isa = PBXBuildFile; fileRef = ECC17B0127DF962200AFCE37 /* Main.storyboard */; };
		ECC17B0627DF962200AFCE37 /* LaunchScreen.storyboard in Resources */ = {isa = PBXBuildFile; fileRef = ECC17B0427DF962200AFCE37 /* LaunchScreen.storyboard */; };
		ECC17B0E27DF962200AFCE37 /* AppDelegate.swift in Sources */ = {isa = PBXBuildFile; fileRef = ECC17B0D27DF962200AFCE37 /* AppDelegate.swift */; };
		ECC17B1027DF962200AFCE37 /* GameViewController.swift in Sources */ = {isa = PBXBuildFile; fileRef = ECC17B0F27DF962200AFCE37 /* GameViewController.swift */; };
		ECC17B1327DF962200AFCE37 /* Main.storyboard in Resources */ = {isa = PBXBuildFile; fileRef = ECC17B1127DF962200AFCE37 /* Main.storyboard */; };
		ECC17B1527DF962200AFCE37 /* Shaders.metal in Sources */ = {isa = PBXBuildFile; fileRef = ECC17AF227DF962100AFCE37 /* Shaders.metal */; };
		ECC17B1627DF962200AFCE37 /* Shaders.metal in Sources */ = {isa = PBXBuildFile; fileRef = ECC17AF227DF962100AFCE37 /* Shaders.metal */; };
		ECC17B1727DF962200AFCE37 /* Renderer.swift in Sources */ = {isa = PBXBuildFile; fileRef = ECC17AF327DF962100AFCE37 /* Renderer.swift */; };
		ECC17B1827DF962200AFCE37 /* Renderer.swift in Sources */ = {isa = PBXBuildFile; fileRef = ECC17AF327DF962100AFCE37 /* Renderer.swift */; };
		ECC17B1927DF962200AFCE37 /* ShaderTypes.h in Resources */ = {isa = PBXBuildFile; fileRef = ECC17AF427DF962100AFCE37 /* ShaderTypes.h */; };
		ECC17B1A27DF962200AFCE37 /* ShaderTypes.h in Resources */ = {isa = PBXBuildFile; fileRef = ECC17AF427DF962100AFCE37 /* ShaderTypes.h */; };
		ECC17B1B27DF962200AFCE37 /* Assets.xcassets in Resources */ = {isa = PBXBuildFile; fileRef = ECC17AF527DF962200AFCE37 /* Assets.xcassets */; };
		ECC17B1C27DF962200AFCE37 /* Assets.xcassets in Resources */ = {isa = PBXBuildFile; fileRef = ECC17AF527DF962200AFCE37 /* Assets.xcassets */; };
/* End PBXBuildFile section */

/* Begin PBXFileReference section */
		ECC17AF227DF962100AFCE37 /* Shaders.metal */ = {isa = PBXFileReference; lastKnownFileType = sourcecode.metal; path = Shaders.metal; sourceTree = "<group>"; };
		ECC17AF327DF962100AFCE37 /* Renderer.swift */ = {isa = PBXFileReference; lastKnownFileType = sourcecode.swift; path = Renderer.swift; sourceTree = "<group>"; };
		ECC17AF427DF962100AFCE37 /* ShaderTypes.h */ = {isa = PBXFileReference; lastKnownFileType = sourcecode.c.h; path = ShaderTypes.h; sourceTree = "<group>"; };
		ECC17AF527DF962200AFCE37 /* Assets.xcassets */ = {isa = PBXFileReference; lastKnownFileType = folder.assetcatalog; path = Assets.xcassets; sourceTree = "<group>"; };
		ECC17AFA27DF962200AFCE37 /* GBufferRender.app */ = {isa = PBXFileReference; explicitFileType = wrapper.application; includeInIndex = 0; path = GBufferRender.app; sourceTree = BUILT_PRODUCTS_DIR; };
		ECC17AFD27DF962200AFCE37 /* AppDelegate.swift */ = {isa = PBXFileReference; lastKnownFileType = sourcecode.swift; path = AppDelegate.swift; sourceTree = "<group>"; };
		ECC17AFF27DF962200AFCE37 /* GameViewController.swift */ = {isa = PBXFileReference; lastKnownFileType = sourcecode.swift; path = GameViewController.swift; sourceTree = "<group>"; };
		ECC17B0227DF962200AFCE37 /* Base */ = {isa = PBXFileReference; lastKnownFileType = file.storyboard; name = Base; path = Base.lproj/Main.storyboard; sourceTree = "<group>"; };
		ECC17B0527DF962200AFCE37 /* Base */ = {isa = PBXFileReference; lastKnownFileType = file.storyboard; name = Base; path = Base.lproj/LaunchScreen.storyboard; sourceTree = "<group>"; };
		ECC17B0B27DF962200AFCE37 /* GBufferRender.app */ = {isa = PBXFileReference; explicitFileType = wrapper.application; includeInIndex = 0; path = GBufferRender.app; sourceTree = BUILT_PRODUCTS_DIR; };
		ECC17B0D27DF962200AFCE37 /* AppDelegate.swift */ = {isa = PBXFileReference; lastKnownFileType = sourcecode.swift; path = AppDelegate.swift; sourceTree = "<group>"; };
		ECC17B0F27DF962200AFCE37 /* GameViewController.swift */ = {isa = PBXFileReference; lastKnownFileType = sourcecode.swift; path = GameViewController.swift; sourceTree = "<group>"; };
		ECC17B1227DF962200AFCE37 /* Base */ = {isa = PBXFileReference; lastKnownFileType = file.storyboard; name = Base; path = Base.lproj/Main.storyboard; sourceTree = "<group>"; };
		ECC17B1427DF962200AFCE37 /* GBufferRender_macOS.entitlements */ = {isa = PBXFileReference; lastKnownFileType = text.plist.entitlements; path = GBufferRender_macOS.entitlements; sourceTree = "<group>"; };
/* End PBXFileReference section */

/* Begin PBXFrameworksBuildPhase section */
		ECC17AF727DF962200AFCE37 /* Frameworks */ = {
			isa = PBXFrameworksBuildPhase;
			buildActionMask = 2147483647;
			files = (
			);
			runOnlyForDeploymentPostprocessing = 0;
		};
		ECC17B0827DF962200AFCE37 /* Frameworks */ = {
			isa = PBXFrameworksBuildPhase;
			buildActionMask = 2147483647;
			files = (
			);
			runOnlyForDeploymentPostprocessing = 0;
		};
/* End PBXFrameworksBuildPhase section */

/* Begin PBXGroup section */
		ECC17AEC27DF962100AFCE37 = {
			isa = PBXGroup;
			children = (
				ECC17AF127DF962100AFCE37 /* GBufferRender Shared */,
				ECC17AFC27DF962200AFCE37 /* GBufferRender iOS */,
				ECC17B0C27DF962200AFCE37 /* GBufferRender macOS */,
				ECC17AFB27DF962200AFCE37 /* Products */,
			);
			sourceTree = "<group>";
		};
		ECC17AF127DF962100AFCE37 /* GBufferRender Shared */ = {
			isa = PBXGroup;
			children = (
				ECC17AF227DF962100AFCE37 /* Shaders.metal */,
				ECC17AF327DF962100AFCE37 /* Renderer.swift */,
				ECC17AF427DF962100AFCE37 /* ShaderTypes.h */,
				ECC17AF527DF962200AFCE37 /* Assets.xcassets */,
			);
			path = "GBufferRender Shared";
			sourceTree = "<group>";
		};
		ECC17AFB27DF962200AFCE37 /* Products */ = {
			isa = PBXGroup;
			children = (
				ECC17AFA27DF962200AFCE37 /* GBufferRender.app */,
				ECC17B0B27DF962200AFCE37 /* GBufferRender.app */,
			);
			name = Products;
			sourceTree = "<group>";
		};
		ECC17AFC27DF962200AFCE37 /* GBufferRender iOS */ = {
			isa = PBXGroup;
			children = (
				ECC17AFD27DF962200AFCE37 /* AppDelegate.swift */,
				ECC17AFF27DF962200AFCE37 /* GameViewController.swift */,
				ECC17B0127DF962200AFCE37 /* Main.storyboard */,
				ECC17B0427DF962200AFCE37 /* LaunchScreen.storyboard */,
			);
			path = "GBufferRender iOS";
			sourceTree = "<group>";
		};
		ECC17B0C27DF962200AFCE37 /* GBufferRender macOS */ = {
			isa = PBXGroup;
			children = (
				ECC17B0D27DF962200AFCE37 /* AppDelegate.swift */,
				ECC17B0F27DF962200AFCE37 /* GameViewController.swift */,
				ECC17B1127DF962200AFCE37 /* Main.storyboard */,
				ECC17B1427DF962200AFCE37 /* GBufferRender_macOS.entitlements */,
			);
			path = "GBufferRender macOS";
			sourceTree = "<group>";
		};
/* End PBXGroup section */

/* Begin PBXNativeTarget section */
		ECC17AF927DF962200AFCE37 /* GBufferRender iOS */ = {
			isa = PBXNativeTarget;
			buildConfigurationList = ECC17B1F27DF962200AFCE37 /* Build configuration list for PBXNativeTarget "GBufferRender iOS" */;
			buildPhases = (
				ECC17AF627DF962200AFCE37 /* Sources */,
				ECC17AF727DF962200AFCE37 /* Frameworks */,
				ECC17AF827DF962200AFCE37 /* Resources */,
			);
			buildRules = (
			);
			dependencies = (
			);
			name = "GBufferRender iOS";
			productName = "GBufferRender iOS";
			productReference = ECC17AFA27DF962200AFCE37 /* GBufferRender.app */;
			productType = "com.apple.product-type.application";
		};
		ECC17B0A27DF962200AFCE37 /* GBufferRender macOS */ = {
			isa = PBXNativeTarget;
			buildConfigurationList = ECC17B2227DF962200AFCE37 /* Build configuration list for PBXNativeTarget "GBufferRender macOS" */;
			buildPhases = (
				ECC17B0727DF962200AFCE37 /* Sources */,
				ECC17B0827DF962200AFCE37 /* Frameworks */,
				ECC17B0927DF962200AFCE37 /* Resources */,
			);
			buildRules = (
			);
			dependencies = (
			);
			name = "GBufferRender macOS";
			productName = "GBufferRender macOS";
			productReference = ECC17B0B27DF962200AFCE37 /* GBufferRender.app */;
			productType = "com.apple.product-type.application";
		};
/* End PBXNativeTarget section */

/* Begin PBXProject section */
		ECC17AED27DF962100AFCE37 /* Project object */ = {
			isa = PBXProject;
			attributes = {
				BuildIndependentTargetsInParallel = 1;
				LastSwiftUpdateCheck = 1320;
				LastUpgradeCheck = 1320;
				TargetAttributes = {
					ECC17AF927DF962200AFCE37 = {
						CreatedOnToolsVersion = 13.2.1;
					};
					ECC17B0A27DF962200AFCE37 = {
						CreatedOnToolsVersion = 13.2.1;
					};
				};
			};
			buildConfigurationList = ECC17AF027DF962100AFCE37 /* Build configuration list for PBXProject "GBufferRender" */;
			compatibilityVersion = "Xcode 13.0";
			developmentRegion = en;
			hasScannedForEncodings = 0;
			knownRegions = (
				en,
				Base,
			);
			mainGroup = ECC17AEC27DF962100AFCE37;
			productRefGroup = ECC17AFB27DF962200AFCE37 /* Products */;
			projectDirPath = "";
			projectRoot = "";
			targets = (
				ECC17AF927DF962200AFCE37 /* GBufferRender iOS */,
				ECC17B0A27DF962200AFCE37 /* GBufferRender macOS */,
			);
		};
/* End PBXProject section */

/* Begin PBXResourcesBuildPhase section */
		ECC17AF827DF962200AFCE37 /* Resources */ = {
			isa = PBXResourcesBuildPhase;
			buildActionMask = 2147483647;
			files = (
				ECC17B1927DF962200AFCE37 /* ShaderTypes.h in Resources */,
				ECC17B0327DF962200AFCE37 /* Main.storyboard in Resources */,
				ECC17B1B27DF962200AFCE37 /* Assets.xcassets in Resources */,
				ECC17B0627DF962200AFCE37 /* LaunchScreen.storyboard in Resources */,
			);
			runOnlyForDeploymentPostprocessing = 0;
		};
		ECC17B0927DF962200AFCE37 /* Resources */ = {
			isa = PBXResourcesBuildPhase;
			buildActionMask = 2147483647;
			files = (
				ECC17B1327DF962200AFCE37 /* Main.storyboard in Resources */,
				ECC17B1C27DF962200AFCE37 /* Assets.xcassets in Resources */,
				ECC17B1A27DF962200AFCE37 /* ShaderTypes.h in Resources */,
			);
			runOnlyForDeploymentPostprocessing = 0;
		};
/* End PBXResourcesBuildPhase section */

/* Begin PBXSourcesBuildPhase section */
		ECC17AF627DF962200AFCE37 /* Sources */ = {
			isa = PBXSourcesBuildPhase;
			buildActionMask = 2147483647;
			files = (
				ECC17B1727DF962200AFCE37 /* Renderer.swift in Sources */,
				ECC17B1527DF962200AFCE37 /* Shaders.metal in Sources */,
				ECC17B0027DF962200AFCE37 /* GameViewController.swift in Sources */,
				ECC17AFE27DF962200AFCE37 /* AppDelegate.swift in Sources */,
			);
			runOnlyForDeploymentPostprocessing = 0;
		};
		ECC17B0727DF962200AFCE37 /* Sources */ = {
			isa = PBXSourcesBuildPhase;
			buildActionMask = 2147483647;
			files = (
				ECC17B1827DF962200AFCE37 /* Renderer.swift in Sources */,
				ECC17B1627DF962200AFCE37 /* Shaders.metal in Sources */,
				ECC17B1027DF962200AFCE37 /* GameViewController.swift in Sources */,
				ECC17B0E27DF962200AFCE37 /* AppDelegate.swift in Sources */,
			);
			runOnlyForDeploymentPostprocessing = 0;
		};
/* End PBXSourcesBuildPhase section */

/* Begin PBXVariantGroup section */
		ECC17B0127DF962200AFCE37 /* Main.storyboard */ = {
			isa = PBXVariantGroup;
			children = (
				ECC17B0227DF962200AFCE37 /* Base */,
			);
			name = Main.storyboard;
			sourceTree = "<group>";
		};
		ECC17B0427DF962200AFCE37 /* LaunchScreen.storyboard */ = {
			isa = PBXVariantGroup;
			children = (
				ECC17B0527DF962200AFCE37 /* Base */,
			);
			name = LaunchScreen.storyboard;
			sourceTree = "<group>";
		};
		ECC17B1127DF962200AFCE37 /* Main.storyboard */ = {
			isa = PBXVariantGroup;
			children = (
				ECC17B1227DF962200AFCE37 /* Base */,
			);
			name = Main.storyboard;
			sourceTree = "<group>";
		};
/* End PBXVariantGroup section */

/* Begin XCBuildConfiguration section */
		ECC17B1D27DF962200AFCE37 /* Debug */ = {
			isa = XCBuildConfiguration;
			buildSettings = {
				ALWAYS_SEARCH_USER_PATHS = NO;
				CLANG_ANALYZER_NONNULL = YES;
				CLANG_ANALYZER_NUMBER_OBJECT_CONVERSION = YES_AGGRESSIVE;
				CLANG_CXX_LANGUAGE_STANDARD = "gnu++17";
				CLANG_CXX_LIBRARY = "libc++";
				CLANG_ENABLE_MODULES = YES;
				CLANG_ENABLE_OBJC_ARC = YES;
				CLANG_ENABLE_OBJC_WEAK = YES;
				CLANG_WARN_BLOCK_CAPTURE_AUTORELEASING = YES;
				CLANG_WARN_BOOL_CONVERSION = YES;
				CLANG_WARN_COMMA = YES;
				CLANG_WARN_CONSTANT_CONVERSION = YES;
				CLANG_WARN_DEPRECATED_OBJC_IMPLEMENTATIONS = YES;
				CLANG_WARN_DIRECT_OBJC_ISA_USAGE = YES_ERROR;
				CLANG_WARN_DOCUMENTATION_COMMENTS = YES;
				CLANG_WARN_EMPTY_BODY = YES;
				CLANG_WARN_ENUM_CONVERSION = YES;
				CLANG_WARN_INFINITE_RECURSION = YES;
				CLANG_WARN_INT_CONVERSION = YES;
				CLANG_WARN_NON_LITERAL_NULL_CONVERSION = YES;
				CLANG_WARN_OBJC_IMPLICIT_RETAIN_SELF = YES;
				CLANG_WARN_OBJC_LITERAL_CONVERSION = YES;
				CLANG_WARN_OBJC_ROOT_CLASS = YES_ERROR;
				CLANG_WARN_QUOTED_INCLUDE_IN_FRAMEWORK_HEADER = YES;
				CLANG_WARN_RANGE_LOOP_ANALYSIS = YES;
				CLANG_WARN_STRICT_PROTOTYPES = YES;
				CLANG_WARN_SUSPICIOUS_MOVE = YES;
				CLANG_WARN_UNGUARDED_AVAILABILITY = YES_AGGRESSIVE;
				CLANG_WARN_UNREACHABLE_CODE = YES;
				CLANG_WARN__DUPLICATE_METHOD_MATCH = YES;
				COPY_PHASE_STRIP = NO;
				DEBUG_INFORMATION_FORMAT = dwarf;
				ENABLE_STRICT_OBJC_MSGSEND = YES;
				ENABLE_TESTABILITY = YES;
				GCC_C_LANGUAGE_STANDARD = gnu11;
				GCC_DYNAMIC_NO_PIC = NO;
				GCC_NO_COMMON_BLOCKS = YES;
				GCC_OPTIMIZATION_LEVEL = 0;
				GCC_PREPROCESSOR_DEFINITIONS = (
					"DEBUG=1",
					"$(inherited)",
				);
				GCC_WARN_64_TO_32_BIT_CONVERSION = YES;
				GCC_WARN_ABOUT_RETURN_TYPE = YES_ERROR;
				GCC_WARN_UNDECLARED_SELECTOR = YES;
				GCC_WARN_UNINITIALIZED_AUTOS = YES_AGGRESSIVE;
				GCC_WARN_UNUSED_FUNCTION = YES;
				GCC_WARN_UNUSED_VARIABLE = YES;
				MTL_ENABLE_DEBUG_INFO = INCLUDE_SOURCE;
				MTL_FAST_MATH = YES;
				ONLY_ACTIVE_ARCH = YES;
				SWIFT_ACTIVE_COMPILATION_CONDITIONS = DEBUG;
				SWIFT_OPTIMIZATION_LEVEL = "-Onone";
			};
			name = Debug;
		};
		ECC17B1E27DF962200AFCE37 /* Release */ = {
			isa = XCBuildConfiguration;
			buildSettings = {
				ALWAYS_SEARCH_USER_PATHS = NO;
				CLANG_ANALYZER_NONNULL = YES;
				CLANG_ANALYZER_NUMBER_OBJECT_CONVERSION = YES_AGGRESSIVE;
				CLANG_CXX_LANGUAGE_STANDARD = "gnu++17";
				CLANG_CXX_LIBRARY = "libc++";
				CLANG_ENABLE_MODULES = YES;
				CLANG_ENABLE_OBJC_ARC = YES;
				CLANG_ENABLE_OBJC_WEAK = YES;
				CLANG_WARN_BLOCK_CAPTURE_AUTORELEASING = YES;
				CLANG_WARN_BOOL_CONVERSION = YES;
				CLANG_WARN_COMMA = YES;
				CLANG_WARN_CONSTANT_CONVERSION = YES;
				CLANG_WARN_DEPRECATED_OBJC_IMPLEMENTATIONS = YES;
				CLANG_WARN_DIRECT_OBJC_ISA_USAGE = YES_ERROR;
				CLANG_WARN_DOCUMENTATION_COMMENTS = YES;
				CLANG_WARN_EMPTY_BODY = YES;
				CLANG_WARN_ENUM_CONVERSION = YES;
				CLANG_WARN_INFINITE_RECURSION = YES;
				CLANG_WARN_INT_CONVERSION = YES;
				CLANG_WARN_NON_LITERAL_NULL_CONVERSION = YES;
				CLANG_WARN_OBJC_IMPLICIT_RETAIN_SELF = YES;
				CLANG_WARN_OBJC_LITERAL_CONVERSION = YES;
				CLANG_WARN_OBJC_ROOT_CLASS = YES_ERROR;
				CLANG_WARN_QUOTED_INCLUDE_IN_FRAMEWORK_HEADER = YES;
				CLANG_WARN_RANGE_LOOP_ANALYSIS = YES;
				CLANG_WARN_STRICT_PROTOTYPES = YES;
				CLANG_WARN_SUSPICIOUS_MOVE = YES;
				CLANG_WARN_UNGUARDED_AVAILABILITY = YES_AGGRESSIVE;
				CLANG_WARN_UNREACHABLE_CODE = YES;
				CLANG_WARN__DUPLICATE_METHOD_MATCH = YES;
				COPY_PHASE_STRIP = NO;
				DEBUG_INFORMATION_FORMAT = "dwarf-with-dsym";
				ENABLE_NS_ASSERTIONS = NO;
				ENABLE_STRICT_OBJC_MSGSEND = YES;
				GCC_C_LANGUAGE_STANDARD = gnu11;
				GCC_NO_COMMON_BLOCKS = YES;
				GCC_WARN_64_TO_32_BIT_CONVERSION = YES;
				GCC_WARN_ABOUT_RETURN_TYPE = YES_ERROR;
				GCC_WARN_UNDECLARED_SELECTOR = YES;
				GCC_WARN_UNINITIALIZED_AUTOS = YES_AGGRESSIVE;
				GCC_WARN_UNUSED_FUNCTION = YES;
				GCC_WARN_UNUSED_VARIABLE = YES;
				MTL_ENABLE_DEBUG_INFO = NO;
				MTL_FAST_MATH = YES;
				SWIFT_COMPILATION_MODE = wholemodule;
				SWIFT_OPTIMIZATION_LEVEL = "-O";
			};
			name = Release;
		};
		ECC17B2027DF962200AFCE37 /* Debug */ = {
			isa = XCBuildConfiguration;
			buildSettings = {
				ASSETCATALOG_COMPILER_APPICON_NAME = AppIcon;
				ASSETCATALOG_COMPILER_GLOBAL_ACCENT_COLOR_NAME = AccentColor;
				CODE_SIGN_STYLE = Automatic;
				CURRENT_PROJECT_VERSION = 1;
				DEVELOPMENT_TEAM = WD3LPJ2STX;
				GENERATE_INFOPLIST_FILE = YES;
				INFOPLIST_KEY_UIApplicationSupportsIndirectInputEvents = YES;
				INFOPLIST_KEY_UILaunchStoryboardName = LaunchScreen;
				INFOPLIST_KEY_UIMainStoryboardFile = Main;
				INFOPLIST_KEY_UIStatusBarHidden = YES;
				INFOPLIST_KEY_UISupportedInterfaceOrientations_iPad = "UIInterfaceOrientationPortrait UIInterfaceOrientationPortraitUpsideDown UIInterfaceOrientationLandscapeLeft UIInterfaceOrientationLandscapeRight";
				INFOPLIST_KEY_UISupportedInterfaceOrientations_iPhone = "UIInterfaceOrientationPortrait UIInterfaceOrientationLandscapeLeft UIInterfaceOrientationLandscapeRight";
				IPHONEOS_DEPLOYMENT_TARGET = 15.2;
				LD_RUNPATH_SEARCH_PATHS = (
					"$(inherited)",
					"@executable_path/Frameworks",
				);
				MARKETING_VERSION = 1.0;
				PRODUCT_BUNDLE_IDENTIFIER = g.GBufferRender;
				PRODUCT_NAME = GBufferRender;
				SDKROOT = iphoneos;
				SWIFT_EMIT_LOC_STRINGS = YES;
				SWIFT_OBJC_BRIDGING_HEADER = "GBufferRender Shared/ShaderTypes.h";
				SWIFT_VERSION = 5.0;
				TARGETED_DEVICE_FAMILY = "1,2";
			};
			name = Debug;
		};
		ECC17B2127DF962200AFCE37 /* Release */ = {
			isa = XCBuildConfiguration;
			buildSettings = {
				ASSETCATALOG_COMPILER_APPICON_NAME = AppIcon;
				ASSETCATALOG_COMPILER_GLOBAL_ACCENT_COLOR_NAME = AccentColor;
				CODE_SIGN_STYLE = Automatic;
				CURRENT_PROJECT_VERSION = 1;
				DEVELOPMENT_TEAM = WD3LPJ2STX;
				GENERATE_INFOPLIST_FILE = YES;
				INFOPLIST_KEY_UIApplicationSupportsIndirectInputEvents = YES;
				INFOPLIST_KEY_UILaunchStoryboardName = LaunchScreen;
				INFOPLIST_KEY_UIMainStoryboardFile = Main;
				INFOPLIST_KEY_UIStatusBarHidden = YES;
				INFOPLIST_KEY_UISupportedInterfaceOrientations_iPad = "UIInterfaceOrientationPortrait UIInterfaceOrientationPortraitUpsideDown UIInterfaceOrientationLandscapeLeft UIInterfaceOrientationLandscapeRight";
				INFOPLIST_KEY_UISupportedInterfaceOrientations_iPhone = "UIInterfaceOrientationPortrait UIInterfaceOrientationLandscapeLeft UIInterfaceOrientationLandscapeRight";
				IPHONEOS_DEPLOYMENT_TARGET = 15.2;
				LD_RUNPATH_SEARCH_PATHS = (
					"$(inherited)",
					"@executable_path/Frameworks",
				);
				MARKETING_VERSION = 1.0;
				PRODUCT_BUNDLE_IDENTIFIER = g.GBufferRender;
				PRODUCT_NAME = GBufferRender;
				SDKROOT = iphoneos;
				SWIFT_EMIT_LOC_STRINGS = YES;
				SWIFT_OBJC_BRIDGING_HEADER = "GBufferRender Shared/ShaderTypes.h";
				SWIFT_VERSION = 5.0;
				TARGETED_DEVICE_FAMILY = "1,2";
				VALIDATE_PRODUCT = YES;
			};
			name = Release;
		};
		ECC17B2327DF962200AFCE37 /* Debug */ = {
			isa = XCBuildConfiguration;
			buildSettings = {
				ASSETCATALOG_COMPILER_APPICON_NAME = AppIcon;
				ASSETCATALOG_COMPILER_GLOBAL_ACCENT_COLOR_NAME = AccentColor;
				CODE_SIGN_ENTITLEMENTS = "GBufferRender macOS/GBufferRender_macOS.entitlements";
				CODE_SIGN_STYLE = Automatic;
				COMBINE_HIDPI_IMAGES = YES;
				CURRENT_PROJECT_VERSION = 1;
				DEVELOPMENT_TEAM = WD3LPJ2STX;
				ENABLE_HARDENED_RUNTIME = YES;
				GENERATE_INFOPLIST_FILE = YES;
				INFOPLIST_KEY_NSHumanReadableCopyright = "";
				INFOPLIST_KEY_NSMainStoryboardFile = Main;
				INFOPLIST_KEY_NSPrincipalClass = NSApplication;
				LD_RUNPATH_SEARCH_PATHS = (
					"$(inherited)",
					"@executable_path/../Frameworks",
				);
				MACOSX_DEPLOYMENT_TARGET = 12.1;
				MARKETING_VERSION = 1.0;
				PRODUCT_BUNDLE_IDENTIFIER = g.GBufferRender;
				PRODUCT_NAME = GBufferRender;
				SDKROOT = macosx;
				SWIFT_EMIT_LOC_STRINGS = YES;
				SWIFT_OBJC_BRIDGING_HEADER = "GBufferRender Shared/ShaderTypes.h";
				SWIFT_VERSION = 5.0;
			};
			name = Debug;
		};
		ECC17B2427DF962200AFCE37 /* Release */ = {
			isa = XCBuildConfiguration;
			buildSettings = {
				ASSETCATALOG_COMPILER_APPICON_NAME = AppIcon;
				ASSETCATALOG_COMPILER_GLOBAL_ACCENT_COLOR_NAME = AccentColor;
				CODE_SIGN_ENTITLEMENTS = "GBufferRender macOS/GBufferRender_macOS.entitlements";
				CODE_SIGN_STYLE = Automatic;
				COMBINE_HIDPI_IMAGES = YES;
				CURRENT_PROJECT_VERSION = 1;
				DEVELOPMENT_TEAM = WD3LPJ2STX;
				ENABLE_HARDENED_RUNTIME = YES;
				GENERATE_INFOPLIST_FILE = YES;
				INFOPLIST_KEY_NSHumanReadableCopyright = "";
				INFOPLIST_KEY_NSMainStoryboardFile = Main;
				INFOPLIST_KEY_NSPrincipalClass = NSApplication;
				LD_RUNPATH_SEARCH_PATHS = (
					"$(inherited)",
					"@executable_path/../Frameworks",
				);
				MACOSX_DEPLOYMENT_TARGET = 12.1;
				MARKETING_VERSION = 1.0;
				PRODUCT_BUNDLE_IDENTIFIER = g.GBufferRender;
				PRODUCT_NAME = GBufferRender;
				SDKROOT = macosx;
				SWIFT_EMIT_LOC_STRINGS = YES;
				SWIFT_OBJC_BRIDGING_HEADER = "GBufferRender Shared/ShaderTypes.h";
				SWIFT_VERSION = 5.0;
			};
			name = Release;
		};
/* End XCBuildConfiguration section */

/* Begin XCConfigurationList section */
		ECC17AF027DF962100AFCE37 /* Build configuration list for PBXProject "GBufferRender" */ = {
			isa = XCConfigurationList;
			buildConfigurations = (
				ECC17B1D27DF962200AFCE37 /* Debug */,
				ECC17B1E27DF962200AFCE37 /* Release */,
			);
			defaultConfigurationIsVisible = 0;
			defaultConfigurationName = Release;
		};
		ECC17B1F27DF962200AFCE37 /* Build configuration list for PBXNativeTarget "GBufferRender iOS" */ = {
			isa = XCConfigurationList;
			buildConfigurations = (
				ECC17B2027DF962200AFCE37 /* Debug */,
				ECC17B2127DF962200AFCE37 /* Release */,
			);
			defaultConfigurationIsVisible = 0;
			defaultConfigurationName = Release;
		};
		ECC17B2227DF962200AFCE37 /* Build configuration list for PBXNativeTarget "GBufferRender macOS" */ = {
			isa = XCConfigurationList;
			buildConfigurations = (
				ECC17B2327DF962200AFCE37 /* Debug */,
				ECC17B2427DF962200AFCE37 /* Release */,
			);
			defaultConfigurationIsVisible = 0;
			defaultConfigurationName = Release;
		};
/* End XCConfigurationList section */
	};
	rootObject = ECC17AED27DF962100AFCE37 /* Project object */;
}
